// !$*UTF8*$!
{
	archiveVersion = 1;
	classes = {
	};
	objectVersion = 46;
	objects = {

/* Begin PBXBuildFile section */
		AB011317D4C84A25A715D98B /* libPods.a in Frameworks */ = {isa = PBXBuildFile; fileRef = 09E57B43C87F4EABBBABE515 /* libPods.a */; };
		CF136A9A1823E293000DC47E /* CCNode+SFGestureRecognizers.m in Sources */ = {isa = PBXBuildFile; fileRef = CF136A991823E293000DC47E /* CCNode+SFGestureRecognizers.m */; };
		CF136A9F1823E4E0000DC47E /* LineDrawer.m in Sources */ = {isa = PBXBuildFile; fileRef = CF136A9E1823E4E0000DC47E /* LineDrawer.m */; };
		CF136AAE1823F609000DC47E /* OpenAL.framework in Frameworks */ = {isa = PBXBuildFile; fileRef = CF136AAA1823F5D3000DC47E /* OpenAL.framework */; };
		CF136AAF1823F609000DC47E /* OpenGLES.framework in Frameworks */ = {isa = PBXBuildFile; fileRef = CF136AAB1823F5D3000DC47E /* OpenGLES.framework */; };
		CF159BDE1823B7C700A797FE /* Foundation.framework in Frameworks */ = {isa = PBXBuildFile; fileRef = CF159BDD1823B7C700A797FE /* Foundation.framework */; };
		CF159BE01823B7C700A797FE /* CoreGraphics.framework in Frameworks */ = {isa = PBXBuildFile; fileRef = CF159BDF1823B7C700A797FE /* CoreGraphics.framework */; };
		CF159BE21823B7C700A797FE /* UIKit.framework in Frameworks */ = {isa = PBXBuildFile; fileRef = CF159BE11823B7C700A797FE /* UIKit.framework */; };
		CF159BE81823B7C700A797FE /* InfoPlist.strings in Resources */ = {isa = PBXBuildFile; fileRef = CF159BE61823B7C700A797FE /* InfoPlist.strings */; };
		CF159BEA1823B7C700A797FE /* main.m in Sources */ = {isa = PBXBuildFile; fileRef = CF159BE91823B7C700A797FE /* main.m */; };
		CF159BEE1823B7C700A797FE /* MPBAppDelegate.m in Sources */ = {isa = PBXBuildFile; fileRef = CF159BED1823B7C700A797FE /* MPBAppDelegate.m */; };
		CF159BF11823B7C700A797FE /* Main.storyboard in Resources */ = {isa = PBXBuildFile; fileRef = CF159BEF1823B7C700A797FE /* Main.storyboard */; };
		CF159BF41823B7C700A797FE /* MPBViewController.m in Sources */ = {isa = PBXBuildFile; fileRef = CF159BF31823B7C700A797FE /* MPBViewController.m */; };
		CF159BF61823B7C700A797FE /* Images.xcassets in Resources */ = {isa = PBXBuildFile; fileRef = CF159BF51823B7C700A797FE /* Images.xcassets */; };
		CF159BFD1823B7C700A797FE /* XCTest.framework in Frameworks */ = {isa = PBXBuildFile; fileRef = CF159BFC1823B7C700A797FE /* XCTest.framework */; };
		CF159BFE1823B7C700A797FE /* Foundation.framework in Frameworks */ = {isa = PBXBuildFile; fileRef = CF159BDD1823B7C700A797FE /* Foundation.framework */; };
		CF159BFF1823B7C700A797FE /* UIKit.framework in Frameworks */ = {isa = PBXBuildFile; fileRef = CF159BE11823B7C700A797FE /* UIKit.framework */; };
		CF159C071823B7C700A797FE /* InfoPlist.strings in Resources */ = {isa = PBXBuildFile; fileRef = CF159C051823B7C700A797FE /* InfoPlist.strings */; };
		CF159C091823B7C700A797FE /* mpos_ios_blocks_signatureviewTests.m in Sources */ = {isa = PBXBuildFile; fileRef = CF159C081823B7C700A797FE /* mpos_ios_blocks_signatureviewTests.m */; };
		CF4B565018426BCE002687E0 /* MPBTestViewController.m in Sources */ = {isa = PBXBuildFile; fileRef = CF4B564F18426BCE002687E0 /* MPBTestViewController.m */; };
		CF4B565C18426DCA002687E0 /* MPBSignatureFieldViewController.m in Sources */ = {isa = PBXBuildFile; fileRef = CF4B565918426DCA002687E0 /* MPBSignatureFieldViewController.m */; };
		CF4B565D18426DCA002687E0 /* MPBSignatureViewController.m in Sources */ = {isa = PBXBuildFile; fileRef = CF4B565B18426DCA002687E0 /* MPBSignatureViewController.m */; };
		CFD7FBC11823BF2C0087E696 /* QuartzCore.framework in Frameworks */ = {isa = PBXBuildFile; fileRef = CFD7FBC01823BF2C0087E696 /* QuartzCore.framework */; };
/* End PBXBuildFile section */

/* Begin PBXContainerItemProxy section */
		CF159C001823B7C700A797FE /* PBXContainerItemProxy */ = {
			isa = PBXContainerItemProxy;
			containerPortal = CF159BD21823B7C700A797FE /* Project object */;
			proxyType = 1;
			remoteGlobalIDString = CF159BD91823B7C700A797FE;
			remoteInfo = mpos.ios.blocks.signatureview;
		};
/* End PBXContainerItemProxy section */

/* Begin PBXFileReference section */
		09E57B43C87F4EABBBABE515 /* libPods.a */ = {isa = PBXFileReference; explicitFileType = archive.ar; includeInIndex = 0; path = libPods.a; sourceTree = BUILT_PRODUCTS_DIR; };
		C3BCC908690742ECBC945A40 /* Pods.xcconfig */ = {isa = PBXFileReference; includeInIndex = 1; lastKnownFileType = text.xcconfig; name = Pods.xcconfig; path = Pods/Pods.xcconfig; sourceTree = "<group>"; };
		CF136A981823E293000DC47E /* CCNode+SFGestureRecognizers.h */ = {isa = PBXFileReference; fileEncoding = 4; lastKnownFileType = sourcecode.c.h; path = "CCNode+SFGestureRecognizers.h"; sourceTree = "<group>"; };
		CF136A991823E293000DC47E /* CCNode+SFGestureRecognizers.m */ = {isa = PBXFileReference; fileEncoding = 4; lastKnownFileType = sourcecode.c.objc; path = "CCNode+SFGestureRecognizers.m"; sourceTree = "<group>"; };
		CF136A9D1823E4E0000DC47E /* LineDrawer.h */ = {isa = PBXFileReference; fileEncoding = 4; lastKnownFileType = sourcecode.c.h; path = LineDrawer.h; sourceTree = "<group>"; };
		CF136A9E1823E4E0000DC47E /* LineDrawer.m */ = {isa = PBXFileReference; fileEncoding = 4; lastKnownFileType = sourcecode.c.objc; path = LineDrawer.m; sourceTree = "<group>"; };
		CF136AAA1823F5D3000DC47E /* OpenAL.framework */ = {isa = PBXFileReference; lastKnownFileType = wrapper.framework; name = OpenAL.framework; path = Platforms/iPhoneOS.platform/Developer/SDKs/iPhoneOS6.1.sdk/System/Library/Frameworks/OpenAL.framework; sourceTree = DEVELOPER_DIR; };
		CF136AAB1823F5D3000DC47E /* OpenGLES.framework */ = {isa = PBXFileReference; lastKnownFileType = wrapper.framework; name = OpenGLES.framework; path = Platforms/iPhoneOS.platform/Developer/SDKs/iPhoneOS6.1.sdk/System/Library/Frameworks/OpenGLES.framework; sourceTree = DEVELOPER_DIR; };
		CF159BDA1823B7C700A797FE /* mpos.ios.blocks.signatureview.app */ = {isa = PBXFileReference; explicitFileType = wrapper.application; includeInIndex = 0; path = mpos.ios.blocks.signatureview.app; sourceTree = BUILT_PRODUCTS_DIR; };
		CF159BDD1823B7C700A797FE /* Foundation.framework */ = {isa = PBXFileReference; lastKnownFileType = wrapper.framework; name = Foundation.framework; path = System/Library/Frameworks/Foundation.framework; sourceTree = SDKROOT; };
		CF159BDF1823B7C700A797FE /* CoreGraphics.framework */ = {isa = PBXFileReference; lastKnownFileType = wrapper.framework; name = CoreGraphics.framework; path = System/Library/Frameworks/CoreGraphics.framework; sourceTree = SDKROOT; };
		CF159BE11823B7C700A797FE /* UIKit.framework */ = {isa = PBXFileReference; lastKnownFileType = wrapper.framework; name = UIKit.framework; path = System/Library/Frameworks/UIKit.framework; sourceTree = SDKROOT; };
		CF159BE51823B7C700A797FE /* mpos.ios.blocks.signatureview-Info.plist */ = {isa = PBXFileReference; lastKnownFileType = text.plist.xml; path = "mpos.ios.blocks.signatureview-Info.plist"; sourceTree = "<group>"; };
		CF159BE71823B7C700A797FE /* en */ = {isa = PBXFileReference; lastKnownFileType = text.plist.strings; name = en; path = en.lproj/InfoPlist.strings; sourceTree = "<group>"; };
		CF159BE91823B7C700A797FE /* main.m */ = {isa = PBXFileReference; lastKnownFileType = sourcecode.c.objc; path = main.m; sourceTree = "<group>"; };
		CF159BEB1823B7C700A797FE /* mpos.ios.blocks.signatureview-Prefix.pch */ = {isa = PBXFileReference; lastKnownFileType = sourcecode.c.h; path = "mpos.ios.blocks.signatureview-Prefix.pch"; sourceTree = "<group>"; };
		CF159BEC1823B7C700A797FE /* MPBAppDelegate.h */ = {isa = PBXFileReference; lastKnownFileType = sourcecode.c.h; path = MPBAppDelegate.h; sourceTree = "<group>"; };
		CF159BED1823B7C700A797FE /* MPBAppDelegate.m */ = {isa = PBXFileReference; lastKnownFileType = sourcecode.c.objc; path = MPBAppDelegate.m; sourceTree = "<group>"; };
		CF159BF01823B7C700A797FE /* Base */ = {isa = PBXFileReference; lastKnownFileType = file.storyboard; name = Base; path = Base.lproj/Main.storyboard; sourceTree = "<group>"; };
		CF159BF21823B7C700A797FE /* MPBViewController.h */ = {isa = PBXFileReference; lastKnownFileType = sourcecode.c.h; path = MPBViewController.h; sourceTree = "<group>"; };
		CF159BF31823B7C700A797FE /* MPBViewController.m */ = {isa = PBXFileReference; lastKnownFileType = sourcecode.c.objc; path = MPBViewController.m; sourceTree = "<group>"; };
		CF159BF51823B7C700A797FE /* Images.xcassets */ = {isa = PBXFileReference; lastKnownFileType = folder.assetcatalog; path = Images.xcassets; sourceTree = "<group>"; };
		CF159BFB1823B7C700A797FE /* mpos.ios.blocks.signatureviewTests.xctest */ = {isa = PBXFileReference; explicitFileType = wrapper.cfbundle; includeInIndex = 0; path = mpos.ios.blocks.signatureviewTests.xctest; sourceTree = BUILT_PRODUCTS_DIR; };
		CF159BFC1823B7C700A797FE /* XCTest.framework */ = {isa = PBXFileReference; lastKnownFileType = wrapper.framework; name = XCTest.framework; path = Library/Frameworks/XCTest.framework; sourceTree = DEVELOPER_DIR; };
		CF159C041823B7C700A797FE /* mpos.ios.blocks.signatureviewTests-Info.plist */ = {isa = PBXFileReference; lastKnownFileType = text.plist.xml; path = "mpos.ios.blocks.signatureviewTests-Info.plist"; sourceTree = "<group>"; };
		CF159C061823B7C700A797FE /* en */ = {isa = PBXFileReference; lastKnownFileType = text.plist.strings; name = en; path = en.lproj/InfoPlist.strings; sourceTree = "<group>"; };
		CF159C081823B7C700A797FE /* mpos_ios_blocks_signatureviewTests.m */ = {isa = PBXFileReference; lastKnownFileType = sourcecode.c.objc; path = mpos_ios_blocks_signatureviewTests.m; sourceTree = "<group>"; };
		CF4B564E18426BCE002687E0 /* MPBTestViewController.h */ = {isa = PBXFileReference; fileEncoding = 4; lastKnownFileType = sourcecode.c.h; path = MPBTestViewController.h; sourceTree = "<group>"; };
		CF4B564F18426BCE002687E0 /* MPBTestViewController.m */ = {isa = PBXFileReference; fileEncoding = 4; lastKnownFileType = sourcecode.c.objc; path = MPBTestViewController.m; sourceTree = "<group>"; };
		CF4B565818426DCA002687E0 /* MPBSignatureFieldViewController.h */ = {isa = PBXFileReference; fileEncoding = 4; lastKnownFileType = sourcecode.c.h; name = MPBSignatureFieldViewController.h; path = MPBSignatureView/MPBSignatureFieldViewController.h; sourceTree = SOURCE_ROOT; };
		CF4B565918426DCA002687E0 /* MPBSignatureFieldViewController.m */ = {isa = PBXFileReference; fileEncoding = 4; lastKnownFileType = sourcecode.c.objc; name = MPBSignatureFieldViewController.m; path = MPBSignatureView/MPBSignatureFieldViewController.m; sourceTree = SOURCE_ROOT; };
		CF4B565A18426DCA002687E0 /* MPBSignatureViewController.h */ = {isa = PBXFileReference; fileEncoding = 4; lastKnownFileType = sourcecode.c.h; name = MPBSignatureViewController.h; path = MPBSignatureView/MPBSignatureViewController.h; sourceTree = SOURCE_ROOT; };
		CF4B565B18426DCA002687E0 /* MPBSignatureViewController.m */ = {isa = PBXFileReference; fileEncoding = 4; lastKnownFileType = sourcecode.c.objc; name = MPBSignatureViewController.m; path = MPBSignatureView/MPBSignatureViewController.m; sourceTree = SOURCE_ROOT; };
		CFD7FBC01823BF2C0087E696 /* QuartzCore.framework */ = {isa = PBXFileReference; lastKnownFileType = wrapper.framework; name = QuartzCore.framework; path = Platforms/iPhoneOS.platform/Developer/SDKs/iPhoneOS6.1.sdk/System/Library/Frameworks/QuartzCore.framework; sourceTree = DEVELOPER_DIR; };
/* End PBXFileReference section */

/* Begin PBXFrameworksBuildPhase section */
		CF159BD71823B7C700A797FE /* Frameworks */ = {
			isa = PBXFrameworksBuildPhase;
			buildActionMask = 2147483647;
			files = (
				CF136AAE1823F609000DC47E /* OpenAL.framework in Frameworks */,
				CF136AAF1823F609000DC47E /* OpenGLES.framework in Frameworks */,
				CFD7FBC11823BF2C0087E696 /* QuartzCore.framework in Frameworks */,
				CF159BE01823B7C700A797FE /* CoreGraphics.framework in Frameworks */,
				CF159BE21823B7C700A797FE /* UIKit.framework in Frameworks */,
				CF159BDE1823B7C700A797FE /* Foundation.framework in Frameworks */,
				AB011317D4C84A25A715D98B /* libPods.a in Frameworks */,
			);
			runOnlyForDeploymentPostprocessing = 0;
		};
		CF159BF81823B7C700A797FE /* Frameworks */ = {
			isa = PBXFrameworksBuildPhase;
			buildActionMask = 2147483647;
			files = (
				CF159BFD1823B7C700A797FE /* XCTest.framework in Frameworks */,
				CF159BFF1823B7C700A797FE /* UIKit.framework in Frameworks */,
				CF159BFE1823B7C700A797FE /* Foundation.framework in Frameworks */,
			);
			runOnlyForDeploymentPostprocessing = 0;
		};
/* End PBXFrameworksBuildPhase section */

/* Begin PBXGroup section */
		CF136A961823E293000DC47E /* External */ = {
			isa = PBXGroup;
			children = (
				CF136A9C1823E4E0000DC47E /* LineDrawer */,
				CF136A971823E293000DC47E /* CCNode+SFGestureRecognizers */,
			);
			path = External;
			sourceTree = "<group>";
		};
		CF136A971823E293000DC47E /* CCNode+SFGestureRecognizers */ = {
			isa = PBXGroup;
			children = (
				CF136A981823E293000DC47E /* CCNode+SFGestureRecognizers.h */,
				CF136A991823E293000DC47E /* CCNode+SFGestureRecognizers.m */,
			);
			path = "CCNode+SFGestureRecognizers";
			sourceTree = "<group>";
		};
		CF136A9C1823E4E0000DC47E /* LineDrawer */ = {
			isa = PBXGroup;
			children = (
				CF136A9D1823E4E0000DC47E /* LineDrawer.h */,
				CF136A9E1823E4E0000DC47E /* LineDrawer.m */,
			);
			path = LineDrawer;
			sourceTree = "<group>";
		};
		CF159BD11823B7C700A797FE = {
			isa = PBXGroup;
			children = (
				CFCD7208182BC256004519B4 /* Resources */,
				CF136A961823E293000DC47E /* External */,
				CF4B565118426BF9002687E0 /* MPBSignatureView */,
				CF159BE31823B7C700A797FE /* mpos.ios.blocks.signatureview */,
				CF159C021823B7C700A797FE /* mpos.ios.blocks.signatureviewTests */,
				CF159BDC1823B7C700A797FE /* Frameworks */,
				CF159BDB1823B7C700A797FE /* Products */,
				C3BCC908690742ECBC945A40 /* Pods.xcconfig */,
			);
			sourceTree = "<group>";
		};
		CF159BDB1823B7C700A797FE /* Products */ = {
			isa = PBXGroup;
			children = (
				CF159BDA1823B7C700A797FE /* mpos.ios.blocks.signatureview.app */,
				CF159BFB1823B7C700A797FE /* mpos.ios.blocks.signatureviewTests.xctest */,
			);
			name = Products;
			sourceTree = "<group>";
		};
		CF159BDC1823B7C700A797FE /* Frameworks */ = {
			isa = PBXGroup;
			children = (
				CF136AAA1823F5D3000DC47E /* OpenAL.framework */,
				CF136AAB1823F5D3000DC47E /* OpenGLES.framework */,
				CFD7FBC01823BF2C0087E696 /* QuartzCore.framework */,
				CF159BDD1823B7C700A797FE /* Foundation.framework */,
				CF159BDF1823B7C700A797FE /* CoreGraphics.framework */,
				CF159BE11823B7C700A797FE /* UIKit.framework */,
				CF159BFC1823B7C700A797FE /* XCTest.framework */,
				09E57B43C87F4EABBBABE515 /* libPods.a */,
			);
			name = Frameworks;
			sourceTree = "<group>";
		};
		CF159BE31823B7C700A797FE /* mpos.ios.blocks.signatureview */ = {
			isa = PBXGroup;
			children = (
				CF4B564E18426BCE002687E0 /* MPBTestViewController.h */,
				CF4B564F18426BCE002687E0 /* MPBTestViewController.m */,
				CF159BEC1823B7C700A797FE /* MPBAppDelegate.h */,
				CF159BED1823B7C700A797FE /* MPBAppDelegate.m */,
				CF159BEF1823B7C700A797FE /* Main.storyboard */,
				CF159BF21823B7C700A797FE /* MPBViewController.h */,
				CF159BF31823B7C700A797FE /* MPBViewController.m */,
				CF159BF51823B7C700A797FE /* Images.xcassets */,
				CF159BE41823B7C700A797FE /* Supporting Files */,
			);
			path = mpos.ios.blocks.signatureview;
			sourceTree = "<group>";
		};
		CF159BE41823B7C700A797FE /* Supporting Files */ = {
			isa = PBXGroup;
			children = (
				CF159BE51823B7C700A797FE /* mpos.ios.blocks.signatureview-Info.plist */,
				CF159BE61823B7C700A797FE /* InfoPlist.strings */,
				CF159BE91823B7C700A797FE /* main.m */,
				CF159BEB1823B7C700A797FE /* mpos.ios.blocks.signatureview-Prefix.pch */,
			);
			name = "Supporting Files";
			sourceTree = "<group>";
		};
		CF159C021823B7C700A797FE /* mpos.ios.blocks.signatureviewTests */ = {
			isa = PBXGroup;
			children = (
				CF159C081823B7C700A797FE /* mpos_ios_blocks_signatureviewTests.m */,
				CF159C031823B7C700A797FE /* Supporting Files */,
			);
			path = mpos.ios.blocks.signatureviewTests;
			sourceTree = "<group>";
		};
		CF159C031823B7C700A797FE /* Supporting Files */ = {
			isa = PBXGroup;
			children = (
				CF159C041823B7C700A797FE /* mpos.ios.blocks.signatureviewTests-Info.plist */,
				CF159C051823B7C700A797FE /* InfoPlist.strings */,
			);
			name = "Supporting Files";
			sourceTree = "<group>";
		};
		CF4B565118426BF9002687E0 /* MPBSignatureView */ = {
			isa = PBXGroup;
			children = (
				CF4B565818426DCA002687E0 /* MPBSignatureFieldViewController.h */,
				CF4B565918426DCA002687E0 /* MPBSignatureFieldViewController.m */,
				CF4B565A18426DCA002687E0 /* MPBSignatureViewController.h */,
				CF4B565B18426DCA002687E0 /* MPBSignatureViewController.m */,
			);
			name = MPBSignatureView;
			path = Resources;
			sourceTree = "<group>";
		};
		CFCD7208182BC256004519B4 /* Resources */ = {
			isa = PBXGroup;
			children = (
			);
			path = Resources;
			sourceTree = "<group>";
		};
/* End PBXGroup section */

/* Begin PBXNativeTarget section */
		CF159BD91823B7C700A797FE /* mpos.ios.blocks.signatureview */ = {
			isa = PBXNativeTarget;
			buildConfigurationList = CF159C0C1823B7C700A797FE /* Build configuration list for PBXNativeTarget "mpos.ios.blocks.signatureview" */;
			buildPhases = (
				47AD46AD935C4D7C84250971 /* Check Pods Manifest.lock */,
				CF159BD61823B7C700A797FE /* Sources */,
				CF159BD71823B7C700A797FE /* Frameworks */,
				CF159BD81823B7C700A797FE /* Resources */,
				6C73964668FE48C5894E743F /* Copy Pods Resources */,
			);
			buildRules = (
			);
			dependencies = (
			);
			name = mpos.ios.blocks.signatureview;
			productName = mpos.ios.blocks.signatureview;
			productReference = CF159BDA1823B7C700A797FE /* mpos.ios.blocks.signatureview.app */;
			productType = "com.apple.product-type.application";
		};
		CF159BFA1823B7C700A797FE /* mpos.ios.blocks.signatureviewTests */ = {
			isa = PBXNativeTarget;
			buildConfigurationList = CF159C0F1823B7C700A797FE /* Build configuration list for PBXNativeTarget "mpos.ios.blocks.signatureviewTests" */;
			buildPhases = (
				CF159BF71823B7C700A797FE /* Sources */,
				CF159BF81823B7C700A797FE /* Frameworks */,
				CF159BF91823B7C700A797FE /* Resources */,
			);
			buildRules = (
			);
			dependencies = (
				CF159C011823B7C700A797FE /* PBXTargetDependency */,
			);
			name = mpos.ios.blocks.signatureviewTests;
			productName = mpos.ios.blocks.signatureviewTests;
			productReference = CF159BFB1823B7C700A797FE /* mpos.ios.blocks.signatureviewTests.xctest */;
			productType = "com.apple.product-type.bundle.unit-test";
		};
/* End PBXNativeTarget section */

/* Begin PBXProject section */
		CF159BD21823B7C700A797FE /* Project object */ = {
			isa = PBXProject;
			attributes = {
				CLASSPREFIX = PW;
				LastUpgradeCheck = 0500;
				ORGANIZATIONNAME = payworks;
				TargetAttributes = {
					CF159BFA1823B7C700A797FE = {
						TestTargetID = CF159BD91823B7C700A797FE;
					};
				};
			};
			buildConfigurationList = CF159BD51823B7C700A797FE /* Build configuration list for PBXProject "mpos.ios.blocks.signatureview" */;
			compatibilityVersion = "Xcode 3.2";
			developmentRegion = English;
			hasScannedForEncodings = 0;
			knownRegions = (
				en,
				Base,
			);
			mainGroup = CF159BD11823B7C700A797FE;
			productRefGroup = CF159BDB1823B7C700A797FE /* Products */;
			projectDirPath = "";
			projectRoot = "";
			targets = (
				CF159BD91823B7C700A797FE /* mpos.ios.blocks.signatureview */,
				CF159BFA1823B7C700A797FE /* mpos.ios.blocks.signatureviewTests */,
			);
		};
/* End PBXProject section */

/* Begin PBXResourcesBuildPhase section */
		CF159BD81823B7C700A797FE /* Resources */ = {
			isa = PBXResourcesBuildPhase;
			buildActionMask = 2147483647;
			files = (
				CF159BF61823B7C700A797FE /* Images.xcassets in Resources */,
				CF159BE81823B7C700A797FE /* InfoPlist.strings in Resources */,
				CF159BF11823B7C700A797FE /* Main.storyboard in Resources */,
			);
			runOnlyForDeploymentPostprocessing = 0;
		};
		CF159BF91823B7C700A797FE /* Resources */ = {
			isa = PBXResourcesBuildPhase;
			buildActionMask = 2147483647;
			files = (
				CF159C071823B7C700A797FE /* InfoPlist.strings in Resources */,
			);
			runOnlyForDeploymentPostprocessing = 0;
		};
/* End PBXResourcesBuildPhase section */

/* Begin PBXShellScriptBuildPhase section */
		47AD46AD935C4D7C84250971 /* Check Pods Manifest.lock */ = {
			isa = PBXShellScriptBuildPhase;
			buildActionMask = 2147483647;
			files = (
			);
			inputPaths = (
			);
			name = "Check Pods Manifest.lock";
			outputPaths = (
			);
			runOnlyForDeploymentPostprocessing = 0;
			shellPath = /bin/sh;
			shellScript = "diff \"${PODS_ROOT}/../Podfile.lock\" \"${PODS_ROOT}/Manifest.lock\" > /dev/null\nif [[ $? != 0 ]] ; then\n    cat << EOM\nerror: The sandbox is not in sync with the Podfile.lock. Run 'pod install' or update your CocoaPods installation.\nEOM\n    exit 1\nfi\n";
			showEnvVarsInLog = 0;
		};
		6C73964668FE48C5894E743F /* Copy Pods Resources */ = {
			isa = PBXShellScriptBuildPhase;
			buildActionMask = 2147483647;
			files = (
			);
			inputPaths = (
			);
			name = "Copy Pods Resources";
			outputPaths = (
			);
			runOnlyForDeploymentPostprocessing = 0;
			shellPath = /bin/sh;
			shellScript = "\"${SRCROOT}/Pods/Pods-resources.sh\"\n";
			showEnvVarsInLog = 0;
		};
/* End PBXShellScriptBuildPhase section */

/* Begin PBXSourcesBuildPhase section */
		CF159BD61823B7C700A797FE /* Sources */ = {
			isa = PBXSourcesBuildPhase;
			buildActionMask = 2147483647;
			files = (
				CF136A9F1823E4E0000DC47E /* LineDrawer.m in Sources */,
				CF159BEE1823B7C700A797FE /* MPBAppDelegate.m in Sources */,
				CF4B565018426BCE002687E0 /* MPBTestViewController.m in Sources */,
				CF159BEA1823B7C700A797FE /* main.m in Sources */,
				CF136A9A1823E293000DC47E /* CCNode+SFGestureRecognizers.m in Sources */,
				CF159BF41823B7C700A797FE /* MPBViewController.m in Sources */,
				CF4B565C18426DCA002687E0 /* MPBSignatureFieldViewController.m in Sources */,
				CF4B565D18426DCA002687E0 /* MPBSignatureViewController.m in Sources */,
			);
			runOnlyForDeploymentPostprocessing = 0;
		};
		CF159BF71823B7C700A797FE /* Sources */ = {
			isa = PBXSourcesBuildPhase;
			buildActionMask = 2147483647;
			files = (
				CF159C091823B7C700A797FE /* mpos_ios_blocks_signatureviewTests.m in Sources */,
			);
			runOnlyForDeploymentPostprocessing = 0;
		};
/* End PBXSourcesBuildPhase section */

/* Begin PBXTargetDependency section */
		CF159C011823B7C700A797FE /* PBXTargetDependency */ = {
			isa = PBXTargetDependency;
			target = CF159BD91823B7C700A797FE /* mpos.ios.blocks.signatureview */;
			targetProxy = CF159C001823B7C700A797FE /* PBXContainerItemProxy */;
		};
/* End PBXTargetDependency section */

/* Begin PBXVariantGroup section */
		CF159BE61823B7C700A797FE /* InfoPlist.strings */ = {
			isa = PBXVariantGroup;
			children = (
				CF159BE71823B7C700A797FE /* en */,
			);
			name = InfoPlist.strings;
			sourceTree = "<group>";
		};
		CF159BEF1823B7C700A797FE /* Main.storyboard */ = {
			isa = PBXVariantGroup;
			children = (
				CF159BF01823B7C700A797FE /* Base */,
			);
			name = Main.storyboard;
			sourceTree = "<group>";
		};
		CF159C051823B7C700A797FE /* InfoPlist.strings */ = {
			isa = PBXVariantGroup;
			children = (
				CF159C061823B7C700A797FE /* en */,
			);
			name = InfoPlist.strings;
			sourceTree = "<group>";
		};
/* End PBXVariantGroup section */

/* Begin XCBuildConfiguration section */
		CF159C0A1823B7C700A797FE /* Debug */ = {
			isa = XCBuildConfiguration;
			buildSettings = {
				ALWAYS_SEARCH_USER_PATHS = NO;
				ARCHS = "$(ARCHS_STANDARD_INCLUDING_64_BIT)";
				CLANG_CXX_LANGUAGE_STANDARD = "gnu++0x";
				CLANG_CXX_LIBRARY = "libc++";
				CLANG_ENABLE_MODULES = YES;
				CLANG_ENABLE_OBJC_ARC = YES;
				CLANG_WARN_BOOL_CONVERSION = YES;
				CLANG_WARN_CONSTANT_CONVERSION = YES;
				CLANG_WARN_DIRECT_OBJC_ISA_USAGE = YES_ERROR;
				CLANG_WARN_EMPTY_BODY = YES;
				CLANG_WARN_ENUM_CONVERSION = YES;
				CLANG_WARN_INT_CONVERSION = YES;
				CLANG_WARN_OBJC_ROOT_CLASS = YES_ERROR;
				CLANG_WARN__DUPLICATE_METHOD_MATCH = YES;
				"CODE_SIGN_IDENTITY[sdk=iphoneos*]" = "iPhone Developer";
				COPY_PHASE_STRIP = NO;
				GCC_C_LANGUAGE_STANDARD = gnu99;
				GCC_DYNAMIC_NO_PIC = NO;
				GCC_OPTIMIZATION_LEVEL = 0;
				GCC_PREPROCESSOR_DEFINITIONS = (
					"DEBUG=1",
					"$(inherited)",
				);
				GCC_SYMBOLS_PRIVATE_EXTERN = NO;
				GCC_WARN_64_TO_32_BIT_CONVERSION = YES;
				GCC_WARN_ABOUT_RETURN_TYPE = YES_ERROR;
				GCC_WARN_UNDECLARED_SELECTOR = YES;
				GCC_WARN_UNINITIALIZED_AUTOS = YES;
				GCC_WARN_UNUSED_FUNCTION = YES;
				GCC_WARN_UNUSED_VARIABLE = YES;
				IPHONEOS_DEPLOYMENT_TARGET = 6.1;
				ONLY_ACTIVE_ARCH = YES;
				SDKROOT = iphoneos;
			};
			name = Debug;
		};
		CF159C0B1823B7C700A797FE /* Release */ = {
			isa = XCBuildConfiguration;
			buildSettings = {
				ALWAYS_SEARCH_USER_PATHS = NO;
				ARCHS = "$(ARCHS_STANDARD_INCLUDING_64_BIT)";
				CLANG_CXX_LANGUAGE_STANDARD = "gnu++0x";
				CLANG_CXX_LIBRARY = "libc++";
				CLANG_ENABLE_MODULES = YES;
				CLANG_ENABLE_OBJC_ARC = YES;
				CLANG_WARN_BOOL_CONVERSION = YES;
				CLANG_WARN_CONSTANT_CONVERSION = YES;
				CLANG_WARN_DIRECT_OBJC_ISA_USAGE = YES_ERROR;
				CLANG_WARN_EMPTY_BODY = YES;
				CLANG_WARN_ENUM_CONVERSION = YES;
				CLANG_WARN_INT_CONVERSION = YES;
				CLANG_WARN_OBJC_ROOT_CLASS = YES_ERROR;
				CLANG_WARN__DUPLICATE_METHOD_MATCH = YES;
				"CODE_SIGN_IDENTITY[sdk=iphoneos*]" = "iPhone Developer";
				COPY_PHASE_STRIP = YES;
				ENABLE_NS_ASSERTIONS = NO;
				GCC_C_LANGUAGE_STANDARD = gnu99;
				GCC_WARN_64_TO_32_BIT_CONVERSION = YES;
				GCC_WARN_ABOUT_RETURN_TYPE = YES_ERROR;
				GCC_WARN_UNDECLARED_SELECTOR = YES;
				GCC_WARN_UNINITIALIZED_AUTOS = YES;
				GCC_WARN_UNUSED_FUNCTION = YES;
				GCC_WARN_UNUSED_VARIABLE = YES;
				IPHONEOS_DEPLOYMENT_TARGET = 6.1;
				SDKROOT = iphoneos;
				VALIDATE_PRODUCT = YES;
			};
			name = Release;
		};
		CF159C0D1823B7C700A797FE /* Debug */ = {
			isa = XCBuildConfiguration;
			baseConfigurationReference = C3BCC908690742ECBC945A40 /* Pods.xcconfig */;
			buildSettings = {
				ASSETCATALOG_COMPILER_APPICON_NAME = AppIcon;
				ASSETCATALOG_COMPILER_LAUNCHIMAGE_NAME = LaunchImage;
				GCC_PRECOMPILE_PREFIX_HEADER = YES;
				GCC_PREFIX_HEADER = "mpos.ios.blocks.signatureview/mpos.ios.blocks.signatureview-Prefix.pch";
				INFOPLIST_FILE = "mpos.ios.blocks.signatureview/mpos.ios.blocks.signatureview-Info.plist";
				IPHONEOS_DEPLOYMENT_TARGET = 6.1;
				PRODUCT_NAME = "$(TARGET_NAME)";
				SDKROOT = iphoneos6.1;
				TARGETED_DEVICE_FAMILY = "1,2";
				WRAPPER_EXTENSION = app;
			};
			name = Debug;
		};
		CF159C0E1823B7C700A797FE /* Release */ = {
			isa = XCBuildConfiguration;
			baseConfigurationReference = C3BCC908690742ECBC945A40 /* Pods.xcconfig */;
			buildSettings = {
				ASSETCATALOG_COMPILER_APPICON_NAME = AppIcon;
				ASSETCATALOG_COMPILER_LAUNCHIMAGE_NAME = LaunchImage;
				GCC_PRECOMPILE_PREFIX_HEADER = YES;
				GCC_PREFIX_HEADER = "mpos.ios.blocks.signatureview/mpos.ios.blocks.signatureview-Prefix.pch";
				INFOPLIST_FILE = "mpos.ios.blocks.signatureview/mpos.ios.blocks.signatureview-Info.plist";
				IPHONEOS_DEPLOYMENT_TARGET = 6.1;
				PRODUCT_NAME = "$(TARGET_NAME)";
				SDKROOT = iphoneos6.1;
				TARGETED_DEVICE_FAMILY = "1,2";
				WRAPPER_EXTENSION = app;
			};
			name = Release;
		};
		CF159C101823B7C700A797FE /* Debug */ = {
			isa = XCBuildConfiguration;
			buildSettings = {
				ARCHS = "$(ARCHS_STANDARD_INCLUDING_64_BIT)";
				BUNDLE_LOADER = "$(BUILT_PRODUCTS_DIR)/mpos.ios.blocks.signatureview.app/mpos.ios.blocks.signatureview";
				FRAMEWORK_SEARCH_PATHS = (
					"$(SDKROOT)/Developer/Library/Frameworks",
					"$(inherited)",
					"$(DEVELOPER_FRAMEWORKS_DIR)",
				);
				GCC_PRECOMPILE_PREFIX_HEADER = YES;
				GCC_PREFIX_HEADER = "mpos.ios.blocks.signatureview/mpos.ios.blocks.signatureview-Prefix.pch";
				GCC_PREPROCESSOR_DEFINITIONS = (
					"DEBUG=1",
					"$(inherited)",
				);
				INFOPLIST_FILE = "mpos.ios.blocks.signatureviewTests/mpos.ios.blocks.signatureviewTests-Info.plist";
				PRODUCT_NAME = "$(TARGET_NAME)";
				TEST_HOST = "$(BUNDLE_LOADER)";
				WRAPPER_EXTENSION = xctest;
			};
			name = Debug;
		};
		CF159C111823B7C700A797FE /* Release */ = {
			isa = XCBuildConfiguration;
			buildSettings = {
				ARCHS = "$(ARCHS_STANDARD_INCLUDING_64_BIT)";
				BUNDLE_LOADER = "$(BUILT_PRODUCTS_DIR)/mpos.ios.blocks.signatureview.app/mpos.ios.blocks.signatureview";
				FRAMEWORK_SEARCH_PATHS = (
					"$(SDKROOT)/Developer/Library/Frameworks",
					"$(inherited)",
					"$(DEVELOPER_FRAMEWORKS_DIR)",
				);
				GCC_PRECOMPILE_PREFIX_HEADER = YES;
				GCC_PREFIX_HEADER = "mpos.ios.blocks.signatureview/mpos.ios.blocks.signatureview-Prefix.pch";
				INFOPLIST_FILE = "mpos.ios.blocks.signatureviewTests/mpos.ios.blocks.signatureviewTests-Info.plist";
				PRODUCT_NAME = "$(TARGET_NAME)";
				TEST_HOST = "$(BUNDLE_LOADER)";
				WRAPPER_EXTENSION = xctest;
			};
			name = Release;
		};
/* End XCBuildConfiguration section */

/* Begin XCConfigurationList section */
		CF159BD51823B7C700A797FE /* Build configuration list for PBXProject "mpos.ios.blocks.signatureview" */ = {
			isa = XCConfigurationList;
			buildConfigurations = (
				CF159C0A1823B7C700A797FE /* Debug */,
				CF159C0B1823B7C700A797FE /* Release */,
			);
			defaultConfigurationIsVisible = 0;
			defaultConfigurationName = Release;
		};
		CF159C0C1823B7C700A797FE /* Build configuration list for PBXNativeTarget "mpos.ios.blocks.signatureview" */ = {
			isa = XCConfigurationList;
			buildConfigurations = (
				CF159C0D1823B7C700A797FE /* Debug */,
				CF159C0E1823B7C700A797FE /* Release */,
			);
			defaultConfigurationIsVisible = 0;
			defaultConfigurationName = Release;
		};
		CF159C0F1823B7C700A797FE /* Build configuration list for PBXNativeTarget "mpos.ios.blocks.signatureviewTests" */ = {
			isa = XCConfigurationList;
			buildConfigurations = (
				CF159C101823B7C700A797FE /* Debug */,
				CF159C111823B7C700A797FE /* Release */,
			);
			defaultConfigurationIsVisible = 0;
			defaultConfigurationName = Release;
		};
/* End XCConfigurationList section */
	};
	rootObject = CF159BD21823B7C700A797FE /* Project object */;
}
